<?xml version="1.0" encoding="utf-8"?>
<Project ToolsVersion="4.0" xmlns="http://schemas.microsoft.com/developer/msbuild/2003">
  <ItemGroup>
    <Filter Include="Data">
      <UniqueIdentifier>{44e24534-b7c0-41d5-9cbc-a06842e06aa2}</UniqueIdentifier>
    </Filter>
    <Filter Include="Include">
      <UniqueIdentifier>{a86a7ac3-4446-4f41-a8f1-5ca21f7dcad6}</UniqueIdentifier>
    </Filter>
    <Filter Include="Mods">
      <UniqueIdentifier>{ccfe939a-a489-4942-909b-594496f38b2e}</UniqueIdentifier>
    </Filter>
    <Filter Include="Source">
      <UniqueIdentifier>{18279ee6-a748-4aeb-86ca-965d363519e7}</UniqueIdentifier>
    </Filter>
    <Filter Include="Data\CFG">
      <UniqueIdentifier>{3ee5fedc-205d-43a4-b1eb-13f5a4f51aca}</UniqueIdentifier>
    </Filter>
    <Filter Include="Data\Shaders">
      <UniqueIdentifier>{7694ad66-9ce1-40a9-a162-7e0b464b0580}</UniqueIdentifier>
    </Filter>
    <Filter Include="Data\Test">
      <UniqueIdentifier>{bc3b8b86-f646-4486-baf4-51adcda2bede}</UniqueIdentifier>
    </Filter>
    <Filter Include="Include\Ice">
      <UniqueIdentifier>{3dc17d4b-d28c-40ee-8b8a-05b97b2ee3eb}</UniqueIdentifier>
    </Filter>
    <Filter Include="Include\Ice\Common">
      <UniqueIdentifier>{8c5ebdeb-7ee6-4fc7-b661-d2fe0082d291}</UniqueIdentifier>
    </Filter>
    <Filter Include="Include\Ice\Graphics">
      <UniqueIdentifier>{d2e0122e-b1fe-4a17-b1cb-498add4ac514}</UniqueIdentifier>
    </Filter>
    <Filter Include="Include\Ice\Maths">
      <UniqueIdentifier>{4372a977-edcc-4383-a922-4659ba56b92e}</UniqueIdentifier>
    </Filter>
    <Filter Include="Include\Ice\Script">
      <UniqueIdentifier>{77682ce0-a0c9-4df7-98cf-3034f34e39f4}</UniqueIdentifier>
    </Filter>
    <Filter Include="Include\Ice\System">
      <UniqueIdentifier>{4eac765e-3476-4ee8-8e8c-81ecd5e3fd77}</UniqueIdentifier>
    </Filter>
    <Filter Include="Mods\base_0.1.0">
      <UniqueIdentifier>{26c3df4a-49d7-49df-9b8d-eafbae932564}</UniqueIdentifier>
    </Filter>
    <Filter Include="Source\Common">
      <UniqueIdentifier>{67121710-4d82-45f6-b0d4-167c09eb7a75}</UniqueIdentifier>
    </Filter>
    <Filter Include="Source\Graphics">
      <UniqueIdentifier>{a620ed57-f747-4fe2-a111-f898a4972e3f}</UniqueIdentifier>
    </Filter>
    <Filter Include="Source\Maths">
      <UniqueIdentifier>{a24521ed-bf10-4454-9b02-dbee5f2d34ec}</UniqueIdentifier>
    </Filter>
    <Filter Include="Source\Script">
      <UniqueIdentifier>{89fd7a64-a739-485e-8136-fd01271f6d5d}</UniqueIdentifier>
    </Filter>
    <Filter Include="Source\System">
      <UniqueIdentifier>{ce2bf55e-2dd5-4916-b5ae-ccfc3cb0b7ca}</UniqueIdentifier>
    </Filter>
  </ItemGroup>
  <ItemGroup>
    <Image Include="Airship3.png">
      <Filter>Data\Test</Filter>
    </Image>
    <Image Include="box.jpg">
      <Filter>Data\Test</Filter>
    </Image>
  </ItemGroup>
  <ItemGroup>
    <None Include="Airship4fix.dae">
      <Filter>Data\Test</Filter>
    </None>
    <None Include="House.dae">
      <Filter>Data\Test</Filter>
    </None>
    <None Include="window_prefs.ice">
      <Filter>Data\CFG</Filter>
    </None>
    <None Include="basic.frag">
      <Filter>Data\Shaders</Filter>
    </None>
    <None Include="basic.vert">
      <Filter>Data\Shaders</Filter>
    </None>
    <None Include="active_mods.ice">
      <Filter>Mods</Filter>
    </None>
    <None Include="mod.ice">
      <Filter>Mods\base_0.1.0</Filter>
    </None>
  </ItemGroup>
  <ItemGroup>
    <ClInclude Include="Transform.hpp">
      <Filter>Include\Ice</Filter>
    </ClInclude>
    <ClInclude Include="File.hpp">
      <Filter>Include\Ice\Common</Filter>
    </ClInclude>
    <ClInclude Include="Common.hpp">
      <Filter>Include\Ice\Common</Filter>
    </ClInclude>
    <ClInclude Include="NonCopy.hpp">
      <Filter>Include\Ice\Common</Filter>
    </ClInclude>
    <ClInclude Include="OpenGL.hpp">
      <Filter>Include\Ice\Common</Filter>
    </ClInclude>
    <ClInclude Include="Types.hpp">
      <Filter>Include\Ice\Common</Filter>
    </ClInclude>
    <ClInclude Include="Buffers.hpp">
      <Filter>Include\Ice\Graphics</Filter>
    </ClInclude>
    <ClInclude Include="Colour.hpp">
      <Filter>Include\Ice\Graphics</Filter>
    </ClInclude>
    <ClInclude Include="Image.hpp">
      <Filter>Include\Ice\Graphics</Filter>
    </ClInclude>
    <ClInclude Include="Mesh.hpp">
      <Filter>Include\Ice\Graphics</Filter>
    </ClInclude>
    <ClInclude Include="RenderContext.hpp">
      <Filter>Include\Ice\Graphics</Filter>
    </ClInclude>
    <ClInclude Include="Renderer.hpp">
      <Filter>Include\Ice\Graphics</Filter>
    </ClInclude>
    <ClInclude Include="Shader.hpp">
      <Filter>Include\Ice\Graphics</Filter>
    </ClInclude>
    <ClInclude Include="stb_image.h">
      <Filter>Include\Ice\Graphics</Filter>
    </ClInclude>
    <ClInclude Include="Texture.hpp">
      <Filter>Include\Ice\Graphics</Filter>
    </ClInclude>
    <ClInclude Include="Vertex.hpp">
      <Filter>Include\Ice\Graphics</Filter>
    </ClInclude>
    <ClInclude Include="Angle.hpp">
      <Filter>Include\Ice\Maths</Filter>
    </ClInclude>
    <ClInclude Include="Functions.hpp">
      <Filter>Include\Ice\Maths</Filter>
    </ClInclude>
    <ClInclude Include="Mat4.hpp">
      <Filter>Include\Ice\Maths</Filter>
    </ClInclude>
    <ClInclude Include="Maths.hpp">
      <Filter>Include\Ice\Maths</Filter>
    </ClInclude>
    <ClInclude Include="Tests.hpp">
      <Filter>Include\Ice\Maths</Filter>
    </ClInclude>
    <ClInclude Include="Quaternion.hpp">
      <Filter>Include\Ice\Maths</Filter>
    </ClInclude>
    <ClInclude Include="Vec3.hpp">
      <Filter>Include\Ice\Maths</Filter>
    </ClInclude>
    <ClInclude Include="Vec2.hpp">
      <Filter>Include\Ice\Maths</Filter>
    </ClInclude>
    <ClInclude Include="Vec4.hpp">
      <Filter>Include\Ice\Maths</Filter>
    </ClInclude>
    <ClInclude Include="Ast.hpp">
      <Filter>Include\Ice\Script</Filter>
    </ClInclude>
    <ClInclude Include="Hash.hpp">
      <Filter>Include\Ice\Script</Filter>
    </ClInclude>
    <ClInclude Include="Lexer.hpp">
      <Filter>Include\Ice\Script</Filter>
    </ClInclude>
    <ClInclude Include="Parser.hpp">
      <Filter>Include\Ice\Script</Filter>
    </ClInclude>
    <ClInclude Include="SymbolTable.hpp">
      <Filter>Include\Ice\Script</Filter>
    </ClInclude>
    <ClInclude Include="Token.hpp">
      <Filter>Include\Ice\Script</Filter>
    </ClInclude>
    <ClInclude Include="Window.hpp">
      <Filter>Include\Ice\System</Filter>
    </ClInclude>
    <ClInclude Include="Time.hpp">
      <Filter>Include\Ice\System</Filter>
    </ClInclude>
    <ClInclude Include="Engine.hpp">
      <Filter>Include\Ice\System</Filter>
    </ClInclude>
  </ItemGroup>
  <ItemGroup>
    <ClCompile Include="main.cpp">
      <Filter>Source</Filter>
    </ClCompile>
    <ClCompile Include="Transform.cpp">
      <Filter>Source</Filter>
    </ClCompile>
    <ClCompile Include="Clock.cpp">
      <Filter>Source\System</Filter>
    </ClCompile>
    <ClCompile Include="TickCounter.cpp">
      <Filter>Source\System</Filter>
    </ClCompile>
    <ClCompile Include="Window.cpp">
      <Filter>Source\System</Filter>
    </ClCompile>
    <ClCompile Include="Engine.cpp">
      <Filter>Source\System</Filter>
    </ClCompile>
    <ClCompile Include="Hash.cpp">
      <Filter>Source\Script</Filter>
    </ClCompile>
    <ClCompile Include="Lexer.cpp">
      <Filter>Source\Script</Filter>
    </ClCompile>
    <ClCompile Include="Parser.cpp">
      <Filter>Source\Script</Filter>
    </ClCompile>
    <ClCompile Include="SymbolTable.cpp">
      <Filter>Source\Script</Filter>
    </ClCompile>
    <ClCompile Include="Mat4.cpp">
      <Filter>Source\Maths</Filter>
    </ClCompile>
    <ClCompile Include="Quaternion.cpp">
      <Filter>Source\Maths</Filter>
    </ClCompile>
    <ClCompile Include="Vec4.cpp">
      <Filter>Source\Maths</Filter>
    </ClCompile>
    <ClCompile Include="Vec3.cpp">
      <Filter>Source\Maths</Filter>
    </ClCompile>
    <ClCompile Include="Vec2.cpp">
      <Filter>Source\Maths</Filter>
    </ClCompile>
    <ClCompile Include="GLvao.cpp">
      <Filter>Source\Graphics</Filter>
    </ClCompile>
    <ClCompile Include="Image.cpp">
      <Filter>Source\Graphics</Filter>
    </ClCompile>
    <ClCompile Include="Mesh.cpp">
      <Filter>Source\Graphics</Filter>
    </ClCompile>
    <ClCompile Include="Renderer.cpp">
      <Filter>Source\Graphics</Filter>
    </ClCompile>
    <ClCompile Include="Shader.cpp">
      <Filter>Source\Graphics</Filter>
    </ClCompile>
    <ClCompile Include="stb_image.cpp">
      <Filter>Source\Graphics</Filter>
    </ClCompile>
    <ClCompile Include="Texture.cpp">
      <Filter>Source\Graphics</Filter>
    </ClCompile>
    <ClCompile Include="File.cpp">
      <Filter>Source\Common</Filter>
    </ClCompile>
  </ItemGroup>
</Project>